
Microsoft Visual Studio Solution File, Format Version 12.00
# Visual Studio 15
VisualStudioVersion = 15.0.27130.2027
MinimumVisualStudioVersion = 10.0.40219.1
Project("{FAE04EC0-301F-11D3-BF4B-00C04F79EFBC}") = "mvvm1.Android", "mvvm1\mvvm1.Android\mvvm1.Android.csproj", "{C8B33266-7F05-4091-B818-AF617D0C8AEA}"
EndProject
Project("{FAE04EC0-301F-11D3-BF4B-00C04F79EFBC}") = "mvvm1.iOS", "mvvm1\mvvm1.iOS\mvvm1.iOS.csproj", "{70E9AE6A-72DA-43F8-8C22-26B63B9ADFE4}"
EndProject
Project("{FAE04EC0-301F-11D3-BF4B-00C04F79EFBC}") = "mvvm1.UWP", "mvvm1\mvvm1.UWP\mvvm1.UWP.csproj", "{128890E4-D734-4703-8340-7091F2C691D9}"
EndProject
Project("{FAE04EC0-301F-11D3-BF4B-00C04F79EFBC}") = "mvvm1", "mvvm1\mvvm1\mvvm1.csproj", "{2F5B9E93-0A39-4508-85FF-0573E50A1F26}"
EndProject
Global
	GlobalSection(SolutionConfigurationPlatforms) = preSolution
		Ad-Hoc|Any CPU = Ad-Hoc|Any CPU
		Ad-Hoc|ARM = Ad-Hoc|ARM
		Ad-Hoc|iPhone = Ad-Hoc|iPhone
		Ad-Hoc|iPhoneSimulator = Ad-Hoc|iPhoneSimulator
		Ad-Hoc|x64 = Ad-Hoc|x64
		Ad-Hoc|x86 = Ad-Hoc|x86
		AppStore|Any CPU = AppStore|Any CPU
		AppStore|ARM = AppStore|ARM
		AppStore|iPhone = AppStore|iPhone
		AppStore|iPhoneSimulator = AppStore|iPhoneSimulator
		AppStore|x64 = AppStore|x64
		AppStore|x86 = AppStore|x86
		Debug|Any CPU = Debug|Any CPU
		Debug|ARM = Debug|ARM
		Debug|iPhone = Debug|iPhone
		Debug|iPhoneSimulator = Debug|iPhoneSimulator
		Debug|x64 = Debug|x64
		Debug|x86 = Debug|x86
		Release|Any CPU = Release|Any CPU
		Release|ARM = Release|ARM
		Release|iPhone = Release|iPhone
		Release|iPhoneSimulator = Release|iPhoneSimulator
		Release|x64 = Release|x64
		Release|x86 = Release|x86
	EndGlobalSection
	GlobalSection(ProjectConfigurationPlatforms) = postSolution
		{C8B33266-7F05-4091-B818-AF617D0C8AEA}.Ad-Hoc|Any CPU.ActiveCfg = Release|Any CPU
		{C8B33266-7F05-4091-B818-AF617D0C8AEA}.Ad-Hoc|Any CPU.Build.0 = Release|Any CPU
		{C8B33266-7F05-4091-B818-AF617D0C8AEA}.Ad-Hoc|Any CPU.Deploy.0 = Release|Any CPU
		{C8B33266-7F05-4091-B818-AF617D0C8AEA}.Ad-Hoc|ARM.ActiveCfg = Release|Any CPU
		{C8B33266-7F05-4091-B818-AF617D0C8AEA}.Ad-Hoc|ARM.Build.0 = Release|Any CPU
		{C8B33266-7F05-4091-B818-AF617D0C8AEA}.Ad-Hoc|ARM.Deploy.0 = Release|Any CPU
		{C8B33266-7F05-4091-B818-AF617D0C8AEA}.Ad-Hoc|iPhone.ActiveCfg = Release|Any CPU
		{C8B33266-7F05-4091-B818-AF617D0C8AEA}.Ad-Hoc|iPhone.Build.0 = Release|Any CPU
		{C8B33266-7F05-4091-B818-AF617D0C8AEA}.Ad-Hoc|iPhone.Deploy.0 = Release|Any CPU
		{C8B33266-7F05-4091-B818-AF617D0C8AEA}.Ad-Hoc|iPhoneSimulator.ActiveCfg = Release|Any CPU
		{C8B33266-7F05-4091-B818-AF617D0C8AEA}.Ad-Hoc|iPhoneSimulator.Build.0 = Release|Any CPU
		{C8B33266-7F05-4091-B818-AF617D0C8AEA}.Ad-Hoc|iPhoneSimulator.Deploy.0 = Release|Any CPU
		{C8B33266-7F05-4091-B818-AF617D0C8AEA}.Ad-Hoc|x64.ActiveCfg = Release|Any CPU
		{C8B33266-7F05-4091-B818-AF617D0C8AEA}.Ad-Hoc|x64.Build.0 = Release|Any CPU
		{C8B33266-7F05-4091-B818-AF617D0C8AEA}.Ad-Hoc|x64.Deploy.0 = Release|Any CPU
		{C8B33266-7F05-4091-B818-AF617D0C8AEA}.Ad-Hoc|x86.ActiveCfg = Release|Any CPU
		{C8B33266-7F05-4091-B818-AF617D0C8AEA}.Ad-Hoc|x86.Build.0 = Release|Any CPU
		{C8B33266-7F05-4091-B818-AF617D0C8AEA}.Ad-Hoc|x86.Deploy.0 = Release|Any CPU
		{C8B33266-7F05-4091-B818-AF617D0C8AEA}.AppStore|Any CPU.ActiveCfg = Release|Any CPU
		{C8B33266-7F05-4091-B818-AF617D0C8AEA}.AppStore|Any CPU.Build.0 = Release|Any CPU
		{C8B33266-7F05-4091-B818-AF617D0C8AEA}.AppStore|Any CPU.Deploy.0 = Release|Any CPU
		{C8B33266-7F05-4091-B818-AF617D0C8AEA}.AppStore|ARM.ActiveCfg = Release|Any CPU
		{C8B33266-7F05-4091-B818-AF617D0C8AEA}.AppStore|ARM.Build.0 = Release|Any CPU
		{C8B33266-7F05-4091-B818-AF617D0C8AEA}.AppStore|ARM.Deploy.0 = Release|Any CPU
		{C8B33266-7F05-4091-B818-AF617D0C8AEA}.AppStore|iPhone.ActiveCfg = Release|Any CPU
		{C8B33266-7F05-4091-B818-AF617D0C8AEA}.AppStore|iPhone.Build.0 = Release|Any CPU
		{C8B33266-7F05-4091-B818-AF617D0C8AEA}.AppStore|iPhone.Deploy.0 = Release|Any CPU
		{C8B33266-7F05-4091-B818-AF617D0C8AEA}.AppStore|iPhoneSimulator.ActiveCfg = Release|Any CPU
		{C8B33266-7F05-4091-B818-AF617D0C8AEA}.AppStore|iPhoneSimulator.Build.0 = Release|Any CPU
		{C8B33266-7F05-4091-B818-AF617D0C8AEA}.AppStore|iPhoneSimulator.Deploy.0 = Release|Any CPU
		{C8B33266-7F05-4091-B818-AF617D0C8AEA}.AppStore|x64.ActiveCfg = Release|Any CPU
		{C8B33266-7F05-4091-B818-AF617D0C8AEA}.AppStore|x64.Build.0 = Release|Any CPU
		{C8B33266-7F05-4091-B818-AF617D0C8AEA}.AppStore|x64.Deploy.0 = Release|Any CPU
		{C8B33266-7F05-4091-B818-AF617D0C8AEA}.AppStore|x86.ActiveCfg = Release|Any CPU
		{C8B33266-7F05-4091-B818-AF617D0C8AEA}.AppStore|x86.Build.0 = Release|Any CPU
		{C8B33266-7F05-4091-B818-AF617D0C8AEA}.AppStore|x86.Deploy.0 = Release|Any CPU
		{C8B33266-7F05-4091-B818-AF617D0C8AEA}.Debug|Any CPU.ActiveCfg = Debug|Any CPU
		{C8B33266-7F05-4091-B818-AF617D0C8AEA}.Debug|Any CPU.Build.0 = Debug|Any CPU
		{C8B33266-7F05-4091-B818-AF617D0C8AEA}.Debug|Any CPU.Deploy.0 = Debug|Any CPU
		{C8B33266-7F05-4091-B818-AF617D0C8AEA}.Debug|ARM.ActiveCfg = Debug|Any CPU
		{C8B33266-7F05-4091-B818-AF617D0C8AEA}.Debug|ARM.Build.0 = Debug|Any CPU
		{C8B33266-7F05-4091-B818-AF617D0C8AEA}.Debug|ARM.Deploy.0 = Debug|Any CPU
		{C8B33266-7F05-4091-B818-AF617D0C8AEA}.Debug|iPhone.ActiveCfg = Debug|Any CPU
		{C8B33266-7F05-4091-B818-AF617D0C8AEA}.Debug|iPhone.Build.0 = Debug|Any CPU
		{C8B33266-7F05-4091-B818-AF617D0C8AEA}.Debug|iPhone.Deploy.0 = Debug|Any CPU
		{C8B33266-7F05-4091-B818-AF617D0C8AEA}.Debug|iPhoneSimulator.ActiveCfg = Debug|Any CPU
		{C8B33266-7F05-4091-B818-AF617D0C8AEA}.Debug|iPhoneSimulator.Build.0 = Debug|Any CPU
		{C8B33266-7F05-4091-B818-AF617D0C8AEA}.Debug|iPhoneSimulator.Deploy.0 = Debug|Any CPU
		{C8B33266-7F05-4091-B818-AF617D0C8AEA}.Debug|x64.ActiveCfg = Debug|Any CPU
		{C8B33266-7F05-4091-B818-AF617D0C8AEA}.Debug|x64.Build.0 = Debug|Any CPU
		{C8B33266-7F05-4091-B818-AF617D0C8AEA}.Debug|x64.Deploy.0 = Debug|Any CPU
		{C8B33266-7F05-4091-B818-AF617D0C8AEA}.Debug|x86.ActiveCfg = Debug|Any CPU
		{C8B33266-7F05-4091-B818-AF617D0C8AEA}.Debug|x86.Build.0 = Debug|Any CPU
		{C8B33266-7F05-4091-B818-AF617D0C8AEA}.Debug|x86.Deploy.0 = Debug|Any CPU
		{C8B33266-7F05-4091-B818-AF617D0C8AEA}.Release|Any CPU.ActiveCfg = Release|Any CPU
		{C8B33266-7F05-4091-B818-AF617D0C8AEA}.Release|Any CPU.Build.0 = Release|Any CPU
		{C8B33266-7F05-4091-B818-AF617D0C8AEA}.Release|Any CPU.Deploy.0 = Release|Any CPU
		{C8B33266-7F05-4091-B818-AF617D0C8AEA}.Release|ARM.ActiveCfg = Release|Any CPU
		{C8B33266-7F05-4091-B818-AF617D0C8AEA}.Release|ARM.Build.0 = Release|Any CPU
		{C8B33266-7F05-4091-B818-AF617D0C8AEA}.Release|ARM.Deploy.0 = Release|Any CPU
		{C8B33266-7F05-4091-B818-AF617D0C8AEA}.Release|iPhone.ActiveCfg = Release|Any CPU
		{C8B33266-7F05-4091-B818-AF617D0C8AEA}.Release|iPhone.Build.0 = Release|Any CPU
		{C8B33266-7F05-4091-B818-AF617D0C8AEA}.Release|iPhone.Deploy.0 = Release|Any CPU
		{C8B33266-7F05-4091-B818-AF617D0C8AEA}.Release|iPhoneSimulator.ActiveCfg = Release|Any CPU
		{C8B33266-7F05-4091-B818-AF617D0C8AEA}.Release|iPhoneSimulator.Build.0 = Release|Any CPU
		{C8B33266-7F05-4091-B818-AF617D0C8AEA}.Release|iPhoneSimulator.Deploy.0 = Release|Any CPU
		{C8B33266-7F05-4091-B818-AF617D0C8AEA}.Release|x64.ActiveCfg = Release|Any CPU
		{C8B33266-7F05-4091-B818-AF617D0C8AEA}.Release|x64.Build.0 = Release|Any CPU
		{C8B33266-7F05-4091-B818-AF617D0C8AEA}.Release|x64.Deploy.0 = Release|Any CPU
		{C8B33266-7F05-4091-B818-AF617D0C8AEA}.Release|x86.ActiveCfg = Release|Any CPU
		{C8B33266-7F05-4091-B818-AF617D0C8AEA}.Release|x86.Build.0 = Release|Any CPU
		{C8B33266-7F05-4091-B818-AF617D0C8AEA}.Release|x86.Deploy.0 = Release|Any CPU
		{70E9AE6A-72DA-43F8-8C22-26B63B9ADFE4}.Ad-Hoc|Any CPU.ActiveCfg = Ad-Hoc|iPhone
		{70E9AE6A-72DA-43F8-8C22-26B63B9ADFE4}.Ad-Hoc|ARM.ActiveCfg = Ad-Hoc|iPhone
		{70E9AE6A-72DA-43F8-8C22-26B63B9ADFE4}.Ad-Hoc|iPhone.ActiveCfg = Ad-Hoc|iPhone
		{70E9AE6A-72DA-43F8-8C22-26B63B9ADFE4}.Ad-Hoc|iPhone.Build.0 = Ad-Hoc|iPhone
		{70E9AE6A-72DA-43F8-8C22-26B63B9ADFE4}.Ad-Hoc|iPhoneSimulator.ActiveCfg = Ad-Hoc|iPhoneSimulator
		{70E9AE6A-72DA-43F8-8C22-26B63B9ADFE4}.Ad-Hoc|iPhoneSimulator.Build.0 = Ad-Hoc|iPhoneSimulator
		{70E9AE6A-72DA-43F8-8C22-26B63B9ADFE4}.Ad-Hoc|x64.ActiveCfg = Ad-Hoc|iPhone
		{70E9AE6A-72DA-43F8-8C22-26B63B9ADFE4}.Ad-Hoc|x86.ActiveCfg = Ad-Hoc|iPhone
		{70E9AE6A-72DA-43F8-8C22-26B63B9ADFE4}.AppStore|Any CPU.ActiveCfg = AppStore|iPhone
		{70E9AE6A-72DA-43F8-8C22-26B63B9ADFE4}.AppStore|ARM.ActiveCfg = AppStore|iPhone
		{70E9AE6A-72DA-43F8-8C22-26B63B9ADFE4}.AppStore|iPhone.ActiveCfg = AppStore|iPhone
		{70E9AE6A-72DA-43F8-8C22-26B63B9ADFE4}.AppStore|iPhone.Build.0 = AppStore|iPhone
		{70E9AE6A-72DA-43F8-8C22-26B63B9ADFE4}.AppStore|iPhoneSimulator.ActiveCfg = AppStore|iPhoneSimulator
		{70E9AE6A-72DA-43F8-8C22-26B63B9ADFE4}.AppStore|iPhoneSimulator.Build.0 = AppStore|iPhoneSimulator
		{70E9AE6A-72DA-43F8-8C22-26B63B9ADFE4}.AppStore|x64.ActiveCfg = AppStore|iPhone
		{70E9AE6A-72DA-43F8-8C22-26B63B9ADFE4}.AppStore|x86.ActiveCfg = AppStore|iPhone
		{70E9AE6A-72DA-43F8-8C22-26B63B9ADFE4}.Debug|Any CPU.ActiveCfg = Debug|iPhone
		{70E9AE6A-72DA-43F8-8C22-26B63B9ADFE4}.Debug|ARM.ActiveCfg = Debug|iPhone
		{70E9AE6A-72DA-43F8-8C22-26B63B9ADFE4}.Debug|iPhone.ActiveCfg = Debug|iPhone
		{70E9AE6A-72DA-43F8-8C22-26B63B9ADFE4}.Debug|iPhone.Build.0 = Debug|iPhone
		{70E9AE6A-72DA-43F8-8C22-26B63B9ADFE4}.Debug|iPhoneSimulator.ActiveCfg = Debug|iPhoneSimulator
		{70E9AE6A-72DA-43F8-8C22-26B63B9ADFE4}.Debug|iPhoneSimulator.Build.0 = Debug|iPhoneSimulator
		{70E9AE6A-72DA-43F8-8C22-26B63B9ADFE4}.Debug|x64.ActiveCfg = Debug|iPhone
		{70E9AE6A-72DA-43F8-8C22-26B63B9ADFE4}.Debug|x86.ActiveCfg = Debug|iPhone
		{70E9AE6A-72DA-43F8-8C22-26B63B9ADFE4}.Release|Any CPU.ActiveCfg = Release|iPhone
		{70E9AE6A-72DA-43F8-8C22-26B63B9ADFE4}.Release|ARM.ActiveCfg = Release|iPhone
		{70E9AE6A-72DA-43F8-8C22-26B63B9ADFE4}.Release|iPhone.ActiveCfg = Release|iPhone
		{70E9AE6A-72DA-43F8-8C22-26B63B9ADFE4}.Release|iPhone.Build.0 = Release|iPhone
		{70E9AE6A-72DA-43F8-8C22-26B63B9ADFE4}.Release|iPhoneSimulator.ActiveCfg = Release|iPhoneSimulator
		{70E9AE6A-72DA-43F8-8C22-26B63B9ADFE4}.Release|iPhoneSimulator.Build.0 = Release|iPhoneSimulator
		{70E9AE6A-72DA-43F8-8C22-26B63B9ADFE4}.Release|x64.ActiveCfg = Release|iPhone
		{70E9AE6A-72DA-43F8-8C22-26B63B9ADFE4}.Release|x86.ActiveCfg = Release|iPhone
		{128890E4-D734-4703-8340-7091F2C691D9}.Ad-Hoc|Any CPU.ActiveCfg = Release|x86
		{128890E4-D734-4703-8340-7091F2C691D9}.Ad-Hoc|Any CPU.Build.0 = Release|x86
		{128890E4-D734-4703-8340-7091F2C691D9}.Ad-Hoc|Any CPU.Deploy.0 = Release|x86
		{128890E4-D734-4703-8340-7091F2C691D9}.Ad-Hoc|ARM.ActiveCfg = Release|ARM
		{128890E4-D734-4703-8340-7091F2C691D9}.Ad-Hoc|ARM.Build.0 = Release|ARM
		{128890E4-D734-4703-8340-7091F2C691D9}.Ad-Hoc|ARM.Deploy.0 = Release|ARM
		{128890E4-D734-4703-8340-7091F2C691D9}.Ad-Hoc|iPhone.ActiveCfg = Release|x86
		{128890E4-D734-4703-8340-7091F2C691D9}.Ad-Hoc|iPhone.Build.0 = Release|x86
		{128890E4-D734-4703-8340-7091F2C691D9}.Ad-Hoc|iPhone.Deploy.0 = Release|x86
		{128890E4-D734-4703-8340-7091F2C691D9}.Ad-Hoc|iPhoneSimulator.ActiveCfg = Release|x86
		{128890E4-D734-4703-8340-7091F2C691D9}.Ad-Hoc|iPhoneSimulator.Build.0 = Release|x86
		{128890E4-D734-4703-8340-7091F2C691D9}.Ad-Hoc|iPhoneSimulator.Deploy.0 = Release|x86
		{128890E4-D734-4703-8340-7091F2C691D9}.Ad-Hoc|x64.ActiveCfg = Release|x64
		{128890E4-D734-4703-8340-7091F2C691D9}.Ad-Hoc|x64.Build.0 = Release|x64
		{128890E4-D734-4703-8340-7091F2C691D9}.Ad-Hoc|x64.Deploy.0 = Release|x64
		{128890E4-D734-4703-8340-7091F2C691D9}.Ad-Hoc|x86.ActiveCfg = Release|x86
		{128890E4-D734-4703-8340-7091F2C691D9}.Ad-Hoc|x86.Build.0 = Release|x86
		{128890E4-D734-4703-8340-7091F2C691D9}.Ad-Hoc|x86.Deploy.0 = Release|x86
		{128890E4-D734-4703-8340-7091F2C691D9}.AppStore|Any CPU.ActiveCfg = Release|x86
		{128890E4-D734-4703-8340-7091F2C691D9}.AppStore|Any CPU.Build.0 = Release|x86
		{128890E4-D734-4703-8340-7091F2C691D9}.AppStore|Any CPU.Deploy.0 = Release|x86
		{128890E4-D734-4703-8340-7091F2C691D9}.AppStore|ARM.ActiveCfg = Release|ARM
		{128890E4-D734-4703-8340-7091F2C691D9}.AppStore|ARM.Build.0 = Release|ARM
		{128890E4-D734-4703-8340-7091F2C691D9}.AppStore|ARM.Deploy.0 = Release|ARM
		{128890E4-D734-4703-8340-7091F2C691D9}.AppStore|iPhone.ActiveCfg = Release|x86
		{128890E4-D734-4703-8340-7091F2C691D9}.AppStore|iPhone.Build.0 = Release|x86
		{128890E4-D734-4703-8340-7091F2C691D9}.AppStore|iPhone.Deploy.0 = Release|x86
		{128890E4-D734-4703-8340-7091F2C691D9}.AppStore|iPhoneSimulator.ActiveCfg = Release|x86
		{128890E4-D734-4703-8340-7091F2C691D9}.AppStore|iPhoneSimulator.Build.0 = Release|x86
		{128890E4-D734-4703-8340-7091F2C691D9}.AppStore|iPhoneSimulator.Deploy.0 = Release|x86
		{128890E4-D734-4703-8340-7091F2C691D9}.AppStore|x64.ActiveCfg = Release|x64
		{128890E4-D734-4703-8340-7091F2C691D9}.AppStore|x64.Build.0 = Release|x64
		{128890E4-D734-4703-8340-7091F2C691D9}.AppStore|x64.Deploy.0 = Release|x64
		{128890E4-D734-4703-8340-7091F2C691D9}.AppStore|x86.ActiveCfg = Release|x86
		{128890E4-D734-4703-8340-7091F2C691D9}.AppStore|x86.Build.0 = Release|x86
		{128890E4-D734-4703-8340-7091F2C691D9}.AppStore|x86.Deploy.0 = Release|x86
		{128890E4-D734-4703-8340-7091F2C691D9}.Debug|Any CPU.ActiveCfg = Debug|x86
		{128890E4-D734-4703-8340-7091F2C691D9}.Debug|ARM.ActiveCfg = Debug|ARM
		{128890E4-D734-4703-8340-7091F2C691D9}.Debug|ARM.Build.0 = Debug|ARM
		{128890E4-D734-4703-8340-7091F2C691D9}.Debug|ARM.Deploy.0 = Debug|ARM
		{128890E4-D734-4703-8340-7091F2C691D9}.Debug|iPhone.ActiveCfg = Debug|x86
		{128890E4-D734-4703-8340-7091F2C691D9}.Debug|iPhoneSimulator.ActiveCfg = Debug|x86
		{128890E4-D734-4703-8340-7091F2C691D9}.Debug|x64.ActiveCfg = Debug|x64
		{128890E4-D734-4703-8340-7091F2C691D9}.Debug|x64.Build.0 = Debug|x64
		{128890E4-D734-4703-8340-7091F2C691D9}.Debug|x64.Deploy.0 = Debug|x64
		{128890E4-D734-4703-8340-7091F2C691D9}.Debug|x86.ActiveCfg = Debug|x86
		{128890E4-D734-4703-8340-7091F2C691D9}.Debug|x86.Build.0 = Debug|x86
		{128890E4-D734-4703-8340-7091F2C691D9}.Debug|x86.Deploy.0 = Debug|x86
		{128890E4-D734-4703-8340-7091F2C691D9}.Release|Any CPU.ActiveCfg = Release|x86
		{128890E4-D734-4703-8340-7091F2C691D9}.Release|ARM.ActiveCfg = Release|ARM
		{128890E4-D734-4703-8340-7091F2C691D9}.Release|ARM.Build.0 = Release|ARM
		{128890E4-D734-4703-8340-7091F2C691D9}.Release|ARM.Deploy.0 = Release|ARM
		{128890E4-D734-4703-8340-7091F2C691D9}.Release|iPhone.ActiveCfg = Release|x86
		{128890E4-D734-4703-8340-7091F2C691D9}.Release|iPhoneSimulator.ActiveCfg = Release|x86
		{128890E4-D734-4703-8340-7091F2C691D9}.Release|x64.ActiveCfg = Release|x64
		{128890E4-D734-4703-8340-7091F2C691D9}.Release|x64.Build.0 = Release|x64
		{128890E4-D734-4703-8340-7091F2C691D9}.Release|x64.Deploy.0 = Release|x64
		{128890E4-D734-4703-8340-7091F2C691D9}.Release|x86.ActiveCfg = Release|x86
		{128890E4-D734-4703-8340-7091F2C691D9}.Release|x86.Build.0 = Release|x86
		{128890E4-D734-4703-8340-7091F2C691D9}.Release|x86.Deploy.0 = Release|x86
		{2F5B9E93-0A39-4508-85FF-0573E50A1F26}.Ad-Hoc|Any CPU.ActiveCfg = Debug|Any CPU
		{2F5B9E93-0A39-4508-85FF-0573E50A1F26}.Ad-Hoc|Any CPU.Build.0 = Debug|Any CPU
		{2F5B9E93-0A39-4508-85FF-0573E50A1F26}.Ad-Hoc|ARM.ActiveCfg = Debug|Any CPU
		{2F5B9E93-0A39-4508-85FF-0573E50A1F26}.Ad-Hoc|ARM.Build.0 = Debug|Any CPU
		{2F5B9E93-0A39-4508-85FF-0573E50A1F26}.Ad-Hoc|iPhone.ActiveCfg = Debug|Any CPU
		{2F5B9E93-0A39-4508-85FF-0573E50A1F26}.Ad-Hoc|iPhone.Build.0 = Debug|Any CPU
		{2F5B9E93-0A39-4508-85FF-0573E50A1F26}.Ad-Hoc|iPhoneSimulator.ActiveCfg = Debug|Any CPU
		{2F5B9E93-0A39-4508-85FF-0573E50A1F26}.Ad-Hoc|iPhoneSimulator.Build.0 = Debug|Any CPU
		{2F5B9E93-0A39-4508-85FF-0573E50A1F26}.Ad-Hoc|x64.ActiveCfg = Debug|Any CPU
		{2F5B9E93-0A39-4508-85FF-0573E50A1F26}.Ad-Hoc|x64.Build.0 = Debug|Any CPU
		{2F5B9E93-0A39-4508-85FF-0573E50A1F26}.Ad-Hoc|x86.ActiveCfg = Debug|Any CPU
		{2F5B9E93-0A39-4508-85FF-0573E50A1F26}.Ad-Hoc|x86.Build.0 = Debug|Any CPU
		{2F5B9E93-0A39-4508-85FF-0573E50A1F26}.AppStore|Any CPU.ActiveCfg = Debug|Any CPU
		{2F5B9E93-0A39-4508-85FF-0573E50A1F26}.AppStore|Any CPU.Build.0 = Debug|Any CPU
		{2F5B9E93-0A39-4508-85FF-0573E50A1F26}.AppStore|ARM.ActiveCfg = Debug|Any CPU
		{2F5B9E93-0A39-4508-85FF-0573E50A1F26}.AppStore|ARM.Build.0 = Debug|Any CPU
		{2F5B9E93-0A39-4508-85FF-0573E50A1F26}.AppStore|iPhone.ActiveCfg = Debug|Any CPU
		{2F5B9E93-0A39-4508-85FF-0573E50A1F26}.AppStore|iPhone.Build.0 = Debug|Any CPU
		{2F5B9E93-0A39-4508-85FF-0573E50A1F26}.AppStore|iPhoneSimulator.ActiveCfg = Debug|Any CPU
		{2F5B9E93-0A39-4508-85FF-0573E50A1F26}.AppStore|iPhoneSimulator.Build.0 = Debug|Any CPU
		{2F5B9E93-0A39-4508-85FF-0573E50A1F26}.AppStore|x64.ActiveCfg = Debug|Any CPU
		{2F5B9E93-0A39-4508-85FF-0573E50A1F26}.AppStore|x64.Build.0 = Debug|Any CPU
		{2F5B9E93-0A39-4508-85FF-0573E50A1F26}.AppStore|x86.ActiveCfg = Debug|Any CPU
		{2F5B9E93-0A39-4508-85FF-0573E50A1F26}.AppStore|x86.Build.0 = Debug|Any CPU
		{2F5B9E93-0A39-4508-85FF-0573E50A1F26}.Debug|Any CPU.ActiveCfg = Debug|Any CPU
		{2F5B9E93-0A39-4508-85FF-0573E50A1F26}.Debug|Any CPU.Build.0 = Debug|Any CPU
		{2F5B9E93-0A39-4508-85FF-0573E50A1F26}.Debug|ARM.ActiveCfg = Debug|Any CPU
		{2F5B9E93-0A39-4508-85FF-0573E50A1F26}.Debug|ARM.Build.0 = Debug|Any CPU
		{2F5B9E93-0A39-4508-85FF-0573E50A1F26}.Debug|iPhone.ActiveCfg = Debug|Any CPU
		{2F5B9E93-0A39-4508-85FF-0573E50A1F26}.Debug|iPhone.Build.0 = Debug|Any CPU
		{2F5B9E93-0A39-4508-85FF-0573E50A1F26}.Debug|iPhoneSimulator.ActiveCfg = Debug|Any CPU
		{2F5B9E93-0A39-4508-85FF-0573E50A1F26}.Debug|iPhoneSimulator.Build.0 = Debug|Any CPU
		{2F5B9E93-0A39-4508-85FF-0573E50A1F26}.Debug|x64.ActiveCfg = Debug|Any CPU
		{2F5B9E93-0A39-4508-85FF-0573E50A1F26}.Debug|x64.Build.0 = Debug|Any CPU
		{2F5B9E93-0A39-4508-85FF-0573E50A1F26}.Debug|x86.ActiveCfg = Debug|Any CPU
		{2F5B9E93-0A39-4508-85FF-0573E50A1F26}.Debug|x86.Build.0 = Debug|Any CPU
		{2F5B9E93-0A39-4508-85FF-0573E50A1F26}.Release|Any CPU.ActiveCfg = Release|Any CPU
		{2F5B9E93-0A39-4508-85FF-0573E50A1F26}.Release|Any CPU.Build.0 = Release|Any CPU
		{2F5B9E93-0A39-4508-85FF-0573E50A1F26}.Release|ARM.ActiveCfg = Release|Any CPU
		{2F5B9E93-0A39-4508-85FF-0573E50A1F26}.Release|ARM.Build.0 = Release|Any CPU
		{2F5B9E93-0A39-4508-85FF-0573E50A1F26}.Release|iPhone.ActiveCfg = Release|Any CPU
		{2F5B9E93-0A39-4508-85FF-0573E50A1F26}.Release|iPhone.Build.0 = Release|Any CPU
		{2F5B9E93-0A39-4508-85FF-0573E50A1F26}.Release|iPhoneSimulator.ActiveCfg = Release|Any CPU
		{2F5B9E93-0A39-4508-85FF-0573E50A1F26}.Release|iPhoneSimulator.Build.0 = Release|Any CPU
		{2F5B9E93-0A39-4508-85FF-0573E50A1F26}.Release|x64.ActiveCfg = Release|Any CPU
		{2F5B9E93-0A39-4508-85FF-0573E50A1F26}.Release|x64.Build.0 = Release|Any CPU
		{2F5B9E93-0A39-4508-85FF-0573E50A1F26}.Release|x86.ActiveCfg = Release|Any CPU
		{2F5B9E93-0A39-4508-85FF-0573E50A1F26}.Release|x86.Build.0 = Release|Any CPU
	EndGlobalSection
	GlobalSection(SolutionProperties) = preSolution
		HideSolutionNode = FALSE
	EndGlobalSection
	GlobalSection(ExtensibilityGlobals) = postSolution
		SolutionGuid = {186A0A57-7244-42D7-BEFB-BB82651F5C81}
	EndGlobalSection
EndGlobal
