
Microsoft Visual Studio Solution File, Format Version 12.00
# Visual Studio 15
VisualStudioVersion = 15.0.27130.2027
MinimumVisualStudioVersion = 10.0.40219.1
Project("{FAE04EC0-301F-11D3-BF4B-00C04F79EFBC}") = "App3.Android", "App3\App3.Android\App3.Android.csproj", "{4E5CC6F4-B830-4B88-BAB0-42A498EE3700}"
EndProject
Project("{FAE04EC0-301F-11D3-BF4B-00C04F79EFBC}") = "App3.iOS", "App3\App3.iOS\App3.iOS.csproj", "{8EED5B0A-3222-4C98-929E-6F735C751338}"
EndProject
Project("{FAE04EC0-301F-11D3-BF4B-00C04F79EFBC}") = "App3", "App3\App3\App3.csproj", "{3EC7BF04-B3CE-4B83-9FE8-07284A36D9FD}"
EndProject
Global
	GlobalSection(SolutionConfigurationPlatforms) = preSolution
		Ad-Hoc|Any CPU = Ad-Hoc|Any CPU
		Ad-Hoc|iPhone = Ad-Hoc|iPhone
		Ad-Hoc|iPhoneSimulator = Ad-Hoc|iPhoneSimulator
		AppStore|Any CPU = AppStore|Any CPU
		AppStore|iPhone = AppStore|iPhone
		AppStore|iPhoneSimulator = AppStore|iPhoneSimulator
		Debug|Any CPU = Debug|Any CPU
		Debug|iPhone = Debug|iPhone
		Debug|iPhoneSimulator = Debug|iPhoneSimulator
		Release|Any CPU = Release|Any CPU
		Release|iPhone = Release|iPhone
		Release|iPhoneSimulator = Release|iPhoneSimulator
	EndGlobalSection
	GlobalSection(ProjectConfigurationPlatforms) = postSolution
		{4E5CC6F4-B830-4B88-BAB0-42A498EE3700}.Ad-Hoc|Any CPU.ActiveCfg = Release|Any CPU
		{4E5CC6F4-B830-4B88-BAB0-42A498EE3700}.Ad-Hoc|Any CPU.Build.0 = Release|Any CPU
		{4E5CC6F4-B830-4B88-BAB0-42A498EE3700}.Ad-Hoc|Any CPU.Deploy.0 = Release|Any CPU
		{4E5CC6F4-B830-4B88-BAB0-42A498EE3700}.Ad-Hoc|iPhone.ActiveCfg = Release|Any CPU
		{4E5CC6F4-B830-4B88-BAB0-42A498EE3700}.Ad-Hoc|iPhone.Build.0 = Release|Any CPU
		{4E5CC6F4-B830-4B88-BAB0-42A498EE3700}.Ad-Hoc|iPhone.Deploy.0 = Release|Any CPU
		{4E5CC6F4-B830-4B88-BAB0-42A498EE3700}.Ad-Hoc|iPhoneSimulator.ActiveCfg = Release|Any CPU
		{4E5CC6F4-B830-4B88-BAB0-42A498EE3700}.Ad-Hoc|iPhoneSimulator.Build.0 = Release|Any CPU
		{4E5CC6F4-B830-4B88-BAB0-42A498EE3700}.Ad-Hoc|iPhoneSimulator.Deploy.0 = Release|Any CPU
		{4E5CC6F4-B830-4B88-BAB0-42A498EE3700}.AppStore|Any CPU.ActiveCfg = Release|Any CPU
		{4E5CC6F4-B830-4B88-BAB0-42A498EE3700}.AppStore|Any CPU.Build.0 = Release|Any CPU
		{4E5CC6F4-B830-4B88-BAB0-42A498EE3700}.AppStore|Any CPU.Deploy.0 = Release|Any CPU
		{4E5CC6F4-B830-4B88-BAB0-42A498EE3700}.AppStore|iPhone.ActiveCfg = Release|Any CPU
		{4E5CC6F4-B830-4B88-BAB0-42A498EE3700}.AppStore|iPhone.Build.0 = Release|Any CPU
		{4E5CC6F4-B830-4B88-BAB0-42A498EE3700}.AppStore|iPhone.Deploy.0 = Release|Any CPU
		{4E5CC6F4-B830-4B88-BAB0-42A498EE3700}.AppStore|iPhoneSimulator.ActiveCfg = Release|Any CPU
		{4E5CC6F4-B830-4B88-BAB0-42A498EE3700}.AppStore|iPhoneSimulator.Build.0 = Release|Any CPU
		{4E5CC6F4-B830-4B88-BAB0-42A498EE3700}.AppStore|iPhoneSimulator.Deploy.0 = Release|Any CPU
		{4E5CC6F4-B830-4B88-BAB0-42A498EE3700}.Debug|Any CPU.ActiveCfg = Debug|Any CPU
		{4E5CC6F4-B830-4B88-BAB0-42A498EE3700}.Debug|Any CPU.Build.0 = Debug|Any CPU
		{4E5CC6F4-B830-4B88-BAB0-42A498EE3700}.Debug|Any CPU.Deploy.0 = Debug|Any CPU
		{4E5CC6F4-B830-4B88-BAB0-42A498EE3700}.Debug|iPhone.ActiveCfg = Debug|Any CPU
		{4E5CC6F4-B830-4B88-BAB0-42A498EE3700}.Debug|iPhone.Build.0 = Debug|Any CPU
		{4E5CC6F4-B830-4B88-BAB0-42A498EE3700}.Debug|iPhone.Deploy.0 = Debug|Any CPU
		{4E5CC6F4-B830-4B88-BAB0-42A498EE3700}.Debug|iPhoneSimulator.ActiveCfg = Debug|Any CPU
		{4E5CC6F4-B830-4B88-BAB0-42A498EE3700}.Debug|iPhoneSimulator.Build.0 = Debug|Any CPU
		{4E5CC6F4-B830-4B88-BAB0-42A498EE3700}.Debug|iPhoneSimulator.Deploy.0 = Debug|Any CPU
		{4E5CC6F4-B830-4B88-BAB0-42A498EE3700}.Release|Any CPU.ActiveCfg = Release|Any CPU
		{4E5CC6F4-B830-4B88-BAB0-42A498EE3700}.Release|Any CPU.Build.0 = Release|Any CPU
		{4E5CC6F4-B830-4B88-BAB0-42A498EE3700}.Release|Any CPU.Deploy.0 = Release|Any CPU
		{4E5CC6F4-B830-4B88-BAB0-42A498EE3700}.Release|iPhone.ActiveCfg = Release|Any CPU
		{4E5CC6F4-B830-4B88-BAB0-42A498EE3700}.Release|iPhone.Build.0 = Release|Any CPU
		{4E5CC6F4-B830-4B88-BAB0-42A498EE3700}.Release|iPhone.Deploy.0 = Release|Any CPU
		{4E5CC6F4-B830-4B88-BAB0-42A498EE3700}.Release|iPhoneSimulator.ActiveCfg = Release|Any CPU
		{4E5CC6F4-B830-4B88-BAB0-42A498EE3700}.Release|iPhoneSimulator.Build.0 = Release|Any CPU
		{4E5CC6F4-B830-4B88-BAB0-42A498EE3700}.Release|iPhoneSimulator.Deploy.0 = Release|Any CPU
		{8EED5B0A-3222-4C98-929E-6F735C751338}.Ad-Hoc|Any CPU.ActiveCfg = Ad-Hoc|iPhone
		{8EED5B0A-3222-4C98-929E-6F735C751338}.Ad-Hoc|iPhone.ActiveCfg = Ad-Hoc|iPhone
		{8EED5B0A-3222-4C98-929E-6F735C751338}.Ad-Hoc|iPhone.Build.0 = Ad-Hoc|iPhone
		{8EED5B0A-3222-4C98-929E-6F735C751338}.Ad-Hoc|iPhoneSimulator.ActiveCfg = Ad-Hoc|iPhoneSimulator
		{8EED5B0A-3222-4C98-929E-6F735C751338}.Ad-Hoc|iPhoneSimulator.Build.0 = Ad-Hoc|iPhoneSimulator
		{8EED5B0A-3222-4C98-929E-6F735C751338}.AppStore|Any CPU.ActiveCfg = AppStore|iPhone
		{8EED5B0A-3222-4C98-929E-6F735C751338}.AppStore|iPhone.ActiveCfg = AppStore|iPhone
		{8EED5B0A-3222-4C98-929E-6F735C751338}.AppStore|iPhone.Build.0 = AppStore|iPhone
		{8EED5B0A-3222-4C98-929E-6F735C751338}.AppStore|iPhoneSimulator.ActiveCfg = AppStore|iPhoneSimulator
		{8EED5B0A-3222-4C98-929E-6F735C751338}.AppStore|iPhoneSimulator.Build.0 = AppStore|iPhoneSimulator
		{8EED5B0A-3222-4C98-929E-6F735C751338}.Debug|Any CPU.ActiveCfg = Debug|iPhone
		{8EED5B0A-3222-4C98-929E-6F735C751338}.Debug|iPhone.ActiveCfg = Debug|iPhone
		{8EED5B0A-3222-4C98-929E-6F735C751338}.Debug|iPhone.Build.0 = Debug|iPhone
		{8EED5B0A-3222-4C98-929E-6F735C751338}.Debug|iPhoneSimulator.ActiveCfg = Debug|iPhoneSimulator
		{8EED5B0A-3222-4C98-929E-6F735C751338}.Debug|iPhoneSimulator.Build.0 = Debug|iPhoneSimulator
		{8EED5B0A-3222-4C98-929E-6F735C751338}.Release|Any CPU.ActiveCfg = Release|iPhone
		{8EED5B0A-3222-4C98-929E-6F735C751338}.Release|iPhone.ActiveCfg = Release|iPhone
		{8EED5B0A-3222-4C98-929E-6F735C751338}.Release|iPhone.Build.0 = Release|iPhone
		{8EED5B0A-3222-4C98-929E-6F735C751338}.Release|iPhoneSimulator.ActiveCfg = Release|iPhoneSimulator
		{8EED5B0A-3222-4C98-929E-6F735C751338}.Release|iPhoneSimulator.Build.0 = Release|iPhoneSimulator
		{3EC7BF04-B3CE-4B83-9FE8-07284A36D9FD}.Ad-Hoc|Any CPU.ActiveCfg = Debug|Any CPU
		{3EC7BF04-B3CE-4B83-9FE8-07284A36D9FD}.Ad-Hoc|Any CPU.Build.0 = Debug|Any CPU
		{3EC7BF04-B3CE-4B83-9FE8-07284A36D9FD}.Ad-Hoc|iPhone.ActiveCfg = Debug|Any CPU
		{3EC7BF04-B3CE-4B83-9FE8-07284A36D9FD}.Ad-Hoc|iPhone.Build.0 = Debug|Any CPU
		{3EC7BF04-B3CE-4B83-9FE8-07284A36D9FD}.Ad-Hoc|iPhoneSimulator.ActiveCfg = Debug|Any CPU
		{3EC7BF04-B3CE-4B83-9FE8-07284A36D9FD}.Ad-Hoc|iPhoneSimulator.Build.0 = Debug|Any CPU
		{3EC7BF04-B3CE-4B83-9FE8-07284A36D9FD}.AppStore|Any CPU.ActiveCfg = Debug|Any CPU
		{3EC7BF04-B3CE-4B83-9FE8-07284A36D9FD}.AppStore|Any CPU.Build.0 = Debug|Any CPU
		{3EC7BF04-B3CE-4B83-9FE8-07284A36D9FD}.AppStore|iPhone.ActiveCfg = Debug|Any CPU
		{3EC7BF04-B3CE-4B83-9FE8-07284A36D9FD}.AppStore|iPhone.Build.0 = Debug|Any CPU
		{3EC7BF04-B3CE-4B83-9FE8-07284A36D9FD}.AppStore|iPhoneSimulator.ActiveCfg = Debug|Any CPU
		{3EC7BF04-B3CE-4B83-9FE8-07284A36D9FD}.AppStore|iPhoneSimulator.Build.0 = Debug|Any CPU
		{3EC7BF04-B3CE-4B83-9FE8-07284A36D9FD}.Debug|Any CPU.ActiveCfg = Debug|Any CPU
		{3EC7BF04-B3CE-4B83-9FE8-07284A36D9FD}.Debug|Any CPU.Build.0 = Debug|Any CPU
		{3EC7BF04-B3CE-4B83-9FE8-07284A36D9FD}.Debug|iPhone.ActiveCfg = Debug|Any CPU
		{3EC7BF04-B3CE-4B83-9FE8-07284A36D9FD}.Debug|iPhone.Build.0 = Debug|Any CPU
		{3EC7BF04-B3CE-4B83-9FE8-07284A36D9FD}.Debug|iPhoneSimulator.ActiveCfg = Debug|Any CPU
		{3EC7BF04-B3CE-4B83-9FE8-07284A36D9FD}.Debug|iPhoneSimulator.Build.0 = Debug|Any CPU
		{3EC7BF04-B3CE-4B83-9FE8-07284A36D9FD}.Release|Any CPU.ActiveCfg = Release|Any CPU
		{3EC7BF04-B3CE-4B83-9FE8-07284A36D9FD}.Release|Any CPU.Build.0 = Release|Any CPU
		{3EC7BF04-B3CE-4B83-9FE8-07284A36D9FD}.Release|iPhone.ActiveCfg = Release|Any CPU
		{3EC7BF04-B3CE-4B83-9FE8-07284A36D9FD}.Release|iPhone.Build.0 = Release|Any CPU
		{3EC7BF04-B3CE-4B83-9FE8-07284A36D9FD}.Release|iPhoneSimulator.ActiveCfg = Release|Any CPU
		{3EC7BF04-B3CE-4B83-9FE8-07284A36D9FD}.Release|iPhoneSimulator.Build.0 = Release|Any CPU
	EndGlobalSection
	GlobalSection(SolutionProperties) = preSolution
		HideSolutionNode = FALSE
	EndGlobalSection
	GlobalSection(ExtensibilityGlobals) = postSolution
		SolutionGuid = {65D2ABB1-18D9-4D83-B98C-444273808B5B}
	EndGlobalSection
EndGlobal
