
Microsoft Visual Studio Solution File, Format Version 12.00
# Visual Studio 15
VisualStudioVersion = 15.0.27130.2027
MinimumVisualStudioVersion = 10.0.40219.1
Project("{FAE04EC0-301F-11D3-BF4B-00C04F79EFBC}") = "App2.Android", "App2\App2.Android\App2.Android.csproj", "{3D93AD63-6072-40A4-B40F-366A029DEC2C}"
EndProject
Project("{FAE04EC0-301F-11D3-BF4B-00C04F79EFBC}") = "App2.iOS", "App2\App2.iOS\App2.iOS.csproj", "{94477773-26C8-44B6-B4F7-6445B31543ED}"
EndProject
Project("{FAE04EC0-301F-11D3-BF4B-00C04F79EFBC}") = "App2.UWP", "App2\App2.UWP\App2.UWP.csproj", "{24AEFAAA-3D8C-499A-9C23-DF6FBDC29009}"
EndProject
Project("{D954291E-2A0B-460D-934E-DC6B0785DB48}") = "App2", "App2\App2\App2.shproj", "{405CB5B7-92B0-4B55-9F35-DA79376DD46E}"
EndProject
Global
	GlobalSection(SharedMSBuildProjectFiles) = preSolution
		App2\App2\App2.projitems*{24aefaaa-3d8c-499a-9c23-df6fbdc29009}*SharedItemsImports = 4
		App2\App2\App2.projitems*{3d93ad63-6072-40a4-b40f-366a029dec2c}*SharedItemsImports = 4
		App2\App2\App2.projitems*{405cb5b7-92b0-4b55-9f35-da79376dd46e}*SharedItemsImports = 13
		App2\App2\App2.projitems*{94477773-26c8-44b6-b4f7-6445b31543ed}*SharedItemsImports = 4
	EndGlobalSection
	GlobalSection(SolutionConfigurationPlatforms) = preSolution
		Ad-Hoc|Any CPU = Ad-Hoc|Any CPU
		Ad-Hoc|ARM = Ad-Hoc|ARM
		Ad-Hoc|iPhone = Ad-Hoc|iPhone
		Ad-Hoc|iPhoneSimulator = Ad-Hoc|iPhoneSimulator
		Ad-Hoc|x64 = Ad-Hoc|x64
		Ad-Hoc|x86 = Ad-Hoc|x86
		AppStore|Any CPU = AppStore|Any CPU
		AppStore|ARM = AppStore|ARM
		AppStore|iPhone = AppStore|iPhone
		AppStore|iPhoneSimulator = AppStore|iPhoneSimulator
		AppStore|x64 = AppStore|x64
		AppStore|x86 = AppStore|x86
		Debug|Any CPU = Debug|Any CPU
		Debug|ARM = Debug|ARM
		Debug|iPhone = Debug|iPhone
		Debug|iPhoneSimulator = Debug|iPhoneSimulator
		Debug|x64 = Debug|x64
		Debug|x86 = Debug|x86
		Release|Any CPU = Release|Any CPU
		Release|ARM = Release|ARM
		Release|iPhone = Release|iPhone
		Release|iPhoneSimulator = Release|iPhoneSimulator
		Release|x64 = Release|x64
		Release|x86 = Release|x86
	EndGlobalSection
	GlobalSection(ProjectConfigurationPlatforms) = postSolution
		{3D93AD63-6072-40A4-B40F-366A029DEC2C}.Ad-Hoc|Any CPU.ActiveCfg = Release|Any CPU
		{3D93AD63-6072-40A4-B40F-366A029DEC2C}.Ad-Hoc|Any CPU.Build.0 = Release|Any CPU
		{3D93AD63-6072-40A4-B40F-366A029DEC2C}.Ad-Hoc|Any CPU.Deploy.0 = Release|Any CPU
		{3D93AD63-6072-40A4-B40F-366A029DEC2C}.Ad-Hoc|ARM.ActiveCfg = Release|Any CPU
		{3D93AD63-6072-40A4-B40F-366A029DEC2C}.Ad-Hoc|ARM.Build.0 = Release|Any CPU
		{3D93AD63-6072-40A4-B40F-366A029DEC2C}.Ad-Hoc|ARM.Deploy.0 = Release|Any CPU
		{3D93AD63-6072-40A4-B40F-366A029DEC2C}.Ad-Hoc|iPhone.ActiveCfg = Release|Any CPU
		{3D93AD63-6072-40A4-B40F-366A029DEC2C}.Ad-Hoc|iPhone.Build.0 = Release|Any CPU
		{3D93AD63-6072-40A4-B40F-366A029DEC2C}.Ad-Hoc|iPhone.Deploy.0 = Release|Any CPU
		{3D93AD63-6072-40A4-B40F-366A029DEC2C}.Ad-Hoc|iPhoneSimulator.ActiveCfg = Release|Any CPU
		{3D93AD63-6072-40A4-B40F-366A029DEC2C}.Ad-Hoc|iPhoneSimulator.Build.0 = Release|Any CPU
		{3D93AD63-6072-40A4-B40F-366A029DEC2C}.Ad-Hoc|iPhoneSimulator.Deploy.0 = Release|Any CPU
		{3D93AD63-6072-40A4-B40F-366A029DEC2C}.Ad-Hoc|x64.ActiveCfg = Release|Any CPU
		{3D93AD63-6072-40A4-B40F-366A029DEC2C}.Ad-Hoc|x64.Build.0 = Release|Any CPU
		{3D93AD63-6072-40A4-B40F-366A029DEC2C}.Ad-Hoc|x64.Deploy.0 = Release|Any CPU
		{3D93AD63-6072-40A4-B40F-366A029DEC2C}.Ad-Hoc|x86.ActiveCfg = Release|Any CPU
		{3D93AD63-6072-40A4-B40F-366A029DEC2C}.Ad-Hoc|x86.Build.0 = Release|Any CPU
		{3D93AD63-6072-40A4-B40F-366A029DEC2C}.Ad-Hoc|x86.Deploy.0 = Release|Any CPU
		{3D93AD63-6072-40A4-B40F-366A029DEC2C}.AppStore|Any CPU.ActiveCfg = Release|Any CPU
		{3D93AD63-6072-40A4-B40F-366A029DEC2C}.AppStore|Any CPU.Build.0 = Release|Any CPU
		{3D93AD63-6072-40A4-B40F-366A029DEC2C}.AppStore|Any CPU.Deploy.0 = Release|Any CPU
		{3D93AD63-6072-40A4-B40F-366A029DEC2C}.AppStore|ARM.ActiveCfg = Release|Any CPU
		{3D93AD63-6072-40A4-B40F-366A029DEC2C}.AppStore|ARM.Build.0 = Release|Any CPU
		{3D93AD63-6072-40A4-B40F-366A029DEC2C}.AppStore|ARM.Deploy.0 = Release|Any CPU
		{3D93AD63-6072-40A4-B40F-366A029DEC2C}.AppStore|iPhone.ActiveCfg = Release|Any CPU
		{3D93AD63-6072-40A4-B40F-366A029DEC2C}.AppStore|iPhone.Build.0 = Release|Any CPU
		{3D93AD63-6072-40A4-B40F-366A029DEC2C}.AppStore|iPhone.Deploy.0 = Release|Any CPU
		{3D93AD63-6072-40A4-B40F-366A029DEC2C}.AppStore|iPhoneSimulator.ActiveCfg = Release|Any CPU
		{3D93AD63-6072-40A4-B40F-366A029DEC2C}.AppStore|iPhoneSimulator.Build.0 = Release|Any CPU
		{3D93AD63-6072-40A4-B40F-366A029DEC2C}.AppStore|iPhoneSimulator.Deploy.0 = Release|Any CPU
		{3D93AD63-6072-40A4-B40F-366A029DEC2C}.AppStore|x64.ActiveCfg = Release|Any CPU
		{3D93AD63-6072-40A4-B40F-366A029DEC2C}.AppStore|x64.Build.0 = Release|Any CPU
		{3D93AD63-6072-40A4-B40F-366A029DEC2C}.AppStore|x64.Deploy.0 = Release|Any CPU
		{3D93AD63-6072-40A4-B40F-366A029DEC2C}.AppStore|x86.ActiveCfg = Release|Any CPU
		{3D93AD63-6072-40A4-B40F-366A029DEC2C}.AppStore|x86.Build.0 = Release|Any CPU
		{3D93AD63-6072-40A4-B40F-366A029DEC2C}.AppStore|x86.Deploy.0 = Release|Any CPU
		{3D93AD63-6072-40A4-B40F-366A029DEC2C}.Debug|Any CPU.ActiveCfg = Debug|Any CPU
		{3D93AD63-6072-40A4-B40F-366A029DEC2C}.Debug|Any CPU.Build.0 = Debug|Any CPU
		{3D93AD63-6072-40A4-B40F-366A029DEC2C}.Debug|Any CPU.Deploy.0 = Debug|Any CPU
		{3D93AD63-6072-40A4-B40F-366A029DEC2C}.Debug|ARM.ActiveCfg = Debug|Any CPU
		{3D93AD63-6072-40A4-B40F-366A029DEC2C}.Debug|ARM.Build.0 = Debug|Any CPU
		{3D93AD63-6072-40A4-B40F-366A029DEC2C}.Debug|ARM.Deploy.0 = Debug|Any CPU
		{3D93AD63-6072-40A4-B40F-366A029DEC2C}.Debug|iPhone.ActiveCfg = Debug|Any CPU
		{3D93AD63-6072-40A4-B40F-366A029DEC2C}.Debug|iPhone.Build.0 = Debug|Any CPU
		{3D93AD63-6072-40A4-B40F-366A029DEC2C}.Debug|iPhone.Deploy.0 = Debug|Any CPU
		{3D93AD63-6072-40A4-B40F-366A029DEC2C}.Debug|iPhoneSimulator.ActiveCfg = Debug|Any CPU
		{3D93AD63-6072-40A4-B40F-366A029DEC2C}.Debug|iPhoneSimulator.Build.0 = Debug|Any CPU
		{3D93AD63-6072-40A4-B40F-366A029DEC2C}.Debug|iPhoneSimulator.Deploy.0 = Debug|Any CPU
		{3D93AD63-6072-40A4-B40F-366A029DEC2C}.Debug|x64.ActiveCfg = Debug|Any CPU
		{3D93AD63-6072-40A4-B40F-366A029DEC2C}.Debug|x64.Build.0 = Debug|Any CPU
		{3D93AD63-6072-40A4-B40F-366A029DEC2C}.Debug|x64.Deploy.0 = Debug|Any CPU
		{3D93AD63-6072-40A4-B40F-366A029DEC2C}.Debug|x86.ActiveCfg = Debug|Any CPU
		{3D93AD63-6072-40A4-B40F-366A029DEC2C}.Debug|x86.Build.0 = Debug|Any CPU
		{3D93AD63-6072-40A4-B40F-366A029DEC2C}.Debug|x86.Deploy.0 = Debug|Any CPU
		{3D93AD63-6072-40A4-B40F-366A029DEC2C}.Release|Any CPU.ActiveCfg = Release|Any CPU
		{3D93AD63-6072-40A4-B40F-366A029DEC2C}.Release|Any CPU.Build.0 = Release|Any CPU
		{3D93AD63-6072-40A4-B40F-366A029DEC2C}.Release|Any CPU.Deploy.0 = Release|Any CPU
		{3D93AD63-6072-40A4-B40F-366A029DEC2C}.Release|ARM.ActiveCfg = Release|Any CPU
		{3D93AD63-6072-40A4-B40F-366A029DEC2C}.Release|ARM.Build.0 = Release|Any CPU
		{3D93AD63-6072-40A4-B40F-366A029DEC2C}.Release|ARM.Deploy.0 = Release|Any CPU
		{3D93AD63-6072-40A4-B40F-366A029DEC2C}.Release|iPhone.ActiveCfg = Release|Any CPU
		{3D93AD63-6072-40A4-B40F-366A029DEC2C}.Release|iPhone.Build.0 = Release|Any CPU
		{3D93AD63-6072-40A4-B40F-366A029DEC2C}.Release|iPhone.Deploy.0 = Release|Any CPU
		{3D93AD63-6072-40A4-B40F-366A029DEC2C}.Release|iPhoneSimulator.ActiveCfg = Release|Any CPU
		{3D93AD63-6072-40A4-B40F-366A029DEC2C}.Release|iPhoneSimulator.Build.0 = Release|Any CPU
		{3D93AD63-6072-40A4-B40F-366A029DEC2C}.Release|iPhoneSimulator.Deploy.0 = Release|Any CPU
		{3D93AD63-6072-40A4-B40F-366A029DEC2C}.Release|x64.ActiveCfg = Release|Any CPU
		{3D93AD63-6072-40A4-B40F-366A029DEC2C}.Release|x64.Build.0 = Release|Any CPU
		{3D93AD63-6072-40A4-B40F-366A029DEC2C}.Release|x64.Deploy.0 = Release|Any CPU
		{3D93AD63-6072-40A4-B40F-366A029DEC2C}.Release|x86.ActiveCfg = Release|Any CPU
		{3D93AD63-6072-40A4-B40F-366A029DEC2C}.Release|x86.Build.0 = Release|Any CPU
		{3D93AD63-6072-40A4-B40F-366A029DEC2C}.Release|x86.Deploy.0 = Release|Any CPU
		{94477773-26C8-44B6-B4F7-6445B31543ED}.Ad-Hoc|Any CPU.ActiveCfg = Ad-Hoc|iPhone
		{94477773-26C8-44B6-B4F7-6445B31543ED}.Ad-Hoc|ARM.ActiveCfg = Ad-Hoc|iPhone
		{94477773-26C8-44B6-B4F7-6445B31543ED}.Ad-Hoc|iPhone.ActiveCfg = Ad-Hoc|iPhone
		{94477773-26C8-44B6-B4F7-6445B31543ED}.Ad-Hoc|iPhone.Build.0 = Ad-Hoc|iPhone
		{94477773-26C8-44B6-B4F7-6445B31543ED}.Ad-Hoc|iPhoneSimulator.ActiveCfg = Ad-Hoc|iPhoneSimulator
		{94477773-26C8-44B6-B4F7-6445B31543ED}.Ad-Hoc|iPhoneSimulator.Build.0 = Ad-Hoc|iPhoneSimulator
		{94477773-26C8-44B6-B4F7-6445B31543ED}.Ad-Hoc|x64.ActiveCfg = Ad-Hoc|iPhone
		{94477773-26C8-44B6-B4F7-6445B31543ED}.Ad-Hoc|x86.ActiveCfg = Ad-Hoc|iPhone
		{94477773-26C8-44B6-B4F7-6445B31543ED}.AppStore|Any CPU.ActiveCfg = AppStore|iPhone
		{94477773-26C8-44B6-B4F7-6445B31543ED}.AppStore|ARM.ActiveCfg = AppStore|iPhone
		{94477773-26C8-44B6-B4F7-6445B31543ED}.AppStore|iPhone.ActiveCfg = AppStore|iPhone
		{94477773-26C8-44B6-B4F7-6445B31543ED}.AppStore|iPhone.Build.0 = AppStore|iPhone
		{94477773-26C8-44B6-B4F7-6445B31543ED}.AppStore|iPhoneSimulator.ActiveCfg = AppStore|iPhoneSimulator
		{94477773-26C8-44B6-B4F7-6445B31543ED}.AppStore|iPhoneSimulator.Build.0 = AppStore|iPhoneSimulator
		{94477773-26C8-44B6-B4F7-6445B31543ED}.AppStore|x64.ActiveCfg = AppStore|iPhone
		{94477773-26C8-44B6-B4F7-6445B31543ED}.AppStore|x86.ActiveCfg = AppStore|iPhone
		{94477773-26C8-44B6-B4F7-6445B31543ED}.Debug|Any CPU.ActiveCfg = Debug|iPhone
		{94477773-26C8-44B6-B4F7-6445B31543ED}.Debug|ARM.ActiveCfg = Debug|iPhone
		{94477773-26C8-44B6-B4F7-6445B31543ED}.Debug|iPhone.ActiveCfg = Debug|iPhone
		{94477773-26C8-44B6-B4F7-6445B31543ED}.Debug|iPhone.Build.0 = Debug|iPhone
		{94477773-26C8-44B6-B4F7-6445B31543ED}.Debug|iPhoneSimulator.ActiveCfg = Debug|iPhoneSimulator
		{94477773-26C8-44B6-B4F7-6445B31543ED}.Debug|iPhoneSimulator.Build.0 = Debug|iPhoneSimulator
		{94477773-26C8-44B6-B4F7-6445B31543ED}.Debug|x64.ActiveCfg = Debug|iPhone
		{94477773-26C8-44B6-B4F7-6445B31543ED}.Debug|x86.ActiveCfg = Debug|iPhone
		{94477773-26C8-44B6-B4F7-6445B31543ED}.Release|Any CPU.ActiveCfg = Release|iPhone
		{94477773-26C8-44B6-B4F7-6445B31543ED}.Release|ARM.ActiveCfg = Release|iPhone
		{94477773-26C8-44B6-B4F7-6445B31543ED}.Release|iPhone.ActiveCfg = Release|iPhone
		{94477773-26C8-44B6-B4F7-6445B31543ED}.Release|iPhone.Build.0 = Release|iPhone
		{94477773-26C8-44B6-B4F7-6445B31543ED}.Release|iPhoneSimulator.ActiveCfg = Release|iPhoneSimulator
		{94477773-26C8-44B6-B4F7-6445B31543ED}.Release|iPhoneSimulator.Build.0 = Release|iPhoneSimulator
		{94477773-26C8-44B6-B4F7-6445B31543ED}.Release|x64.ActiveCfg = Release|iPhone
		{94477773-26C8-44B6-B4F7-6445B31543ED}.Release|x86.ActiveCfg = Release|iPhone
		{24AEFAAA-3D8C-499A-9C23-DF6FBDC29009}.Ad-Hoc|Any CPU.ActiveCfg = Release|x86
		{24AEFAAA-3D8C-499A-9C23-DF6FBDC29009}.Ad-Hoc|Any CPU.Build.0 = Release|x86
		{24AEFAAA-3D8C-499A-9C23-DF6FBDC29009}.Ad-Hoc|Any CPU.Deploy.0 = Release|x86
		{24AEFAAA-3D8C-499A-9C23-DF6FBDC29009}.Ad-Hoc|ARM.ActiveCfg = Release|ARM
		{24AEFAAA-3D8C-499A-9C23-DF6FBDC29009}.Ad-Hoc|ARM.Build.0 = Release|ARM
		{24AEFAAA-3D8C-499A-9C23-DF6FBDC29009}.Ad-Hoc|ARM.Deploy.0 = Release|ARM
		{24AEFAAA-3D8C-499A-9C23-DF6FBDC29009}.Ad-Hoc|iPhone.ActiveCfg = Release|x86
		{24AEFAAA-3D8C-499A-9C23-DF6FBDC29009}.Ad-Hoc|iPhone.Build.0 = Release|x86
		{24AEFAAA-3D8C-499A-9C23-DF6FBDC29009}.Ad-Hoc|iPhone.Deploy.0 = Release|x86
		{24AEFAAA-3D8C-499A-9C23-DF6FBDC29009}.Ad-Hoc|iPhoneSimulator.ActiveCfg = Release|x86
		{24AEFAAA-3D8C-499A-9C23-DF6FBDC29009}.Ad-Hoc|iPhoneSimulator.Build.0 = Release|x86
		{24AEFAAA-3D8C-499A-9C23-DF6FBDC29009}.Ad-Hoc|iPhoneSimulator.Deploy.0 = Release|x86
		{24AEFAAA-3D8C-499A-9C23-DF6FBDC29009}.Ad-Hoc|x64.ActiveCfg = Release|x64
		{24AEFAAA-3D8C-499A-9C23-DF6FBDC29009}.Ad-Hoc|x64.Build.0 = Release|x64
		{24AEFAAA-3D8C-499A-9C23-DF6FBDC29009}.Ad-Hoc|x64.Deploy.0 = Release|x64
		{24AEFAAA-3D8C-499A-9C23-DF6FBDC29009}.Ad-Hoc|x86.ActiveCfg = Release|x86
		{24AEFAAA-3D8C-499A-9C23-DF6FBDC29009}.Ad-Hoc|x86.Build.0 = Release|x86
		{24AEFAAA-3D8C-499A-9C23-DF6FBDC29009}.Ad-Hoc|x86.Deploy.0 = Release|x86
		{24AEFAAA-3D8C-499A-9C23-DF6FBDC29009}.AppStore|Any CPU.ActiveCfg = Release|x86
		{24AEFAAA-3D8C-499A-9C23-DF6FBDC29009}.AppStore|Any CPU.Build.0 = Release|x86
		{24AEFAAA-3D8C-499A-9C23-DF6FBDC29009}.AppStore|Any CPU.Deploy.0 = Release|x86
		{24AEFAAA-3D8C-499A-9C23-DF6FBDC29009}.AppStore|ARM.ActiveCfg = Release|ARM
		{24AEFAAA-3D8C-499A-9C23-DF6FBDC29009}.AppStore|ARM.Build.0 = Release|ARM
		{24AEFAAA-3D8C-499A-9C23-DF6FBDC29009}.AppStore|ARM.Deploy.0 = Release|ARM
		{24AEFAAA-3D8C-499A-9C23-DF6FBDC29009}.AppStore|iPhone.ActiveCfg = Release|x86
		{24AEFAAA-3D8C-499A-9C23-DF6FBDC29009}.AppStore|iPhone.Build.0 = Release|x86
		{24AEFAAA-3D8C-499A-9C23-DF6FBDC29009}.AppStore|iPhone.Deploy.0 = Release|x86
		{24AEFAAA-3D8C-499A-9C23-DF6FBDC29009}.AppStore|iPhoneSimulator.ActiveCfg = Release|x86
		{24AEFAAA-3D8C-499A-9C23-DF6FBDC29009}.AppStore|iPhoneSimulator.Build.0 = Release|x86
		{24AEFAAA-3D8C-499A-9C23-DF6FBDC29009}.AppStore|iPhoneSimulator.Deploy.0 = Release|x86
		{24AEFAAA-3D8C-499A-9C23-DF6FBDC29009}.AppStore|x64.ActiveCfg = Release|x64
		{24AEFAAA-3D8C-499A-9C23-DF6FBDC29009}.AppStore|x64.Build.0 = Release|x64
		{24AEFAAA-3D8C-499A-9C23-DF6FBDC29009}.AppStore|x64.Deploy.0 = Release|x64
		{24AEFAAA-3D8C-499A-9C23-DF6FBDC29009}.AppStore|x86.ActiveCfg = Release|x86
		{24AEFAAA-3D8C-499A-9C23-DF6FBDC29009}.AppStore|x86.Build.0 = Release|x86
		{24AEFAAA-3D8C-499A-9C23-DF6FBDC29009}.AppStore|x86.Deploy.0 = Release|x86
		{24AEFAAA-3D8C-499A-9C23-DF6FBDC29009}.Debug|Any CPU.ActiveCfg = Debug|x86
		{24AEFAAA-3D8C-499A-9C23-DF6FBDC29009}.Debug|ARM.ActiveCfg = Debug|ARM
		{24AEFAAA-3D8C-499A-9C23-DF6FBDC29009}.Debug|ARM.Build.0 = Debug|ARM
		{24AEFAAA-3D8C-499A-9C23-DF6FBDC29009}.Debug|ARM.Deploy.0 = Debug|ARM
		{24AEFAAA-3D8C-499A-9C23-DF6FBDC29009}.Debug|iPhone.ActiveCfg = Debug|x86
		{24AEFAAA-3D8C-499A-9C23-DF6FBDC29009}.Debug|iPhoneSimulator.ActiveCfg = Debug|x86
		{24AEFAAA-3D8C-499A-9C23-DF6FBDC29009}.Debug|x64.ActiveCfg = Debug|x64
		{24AEFAAA-3D8C-499A-9C23-DF6FBDC29009}.Debug|x64.Build.0 = Debug|x64
		{24AEFAAA-3D8C-499A-9C23-DF6FBDC29009}.Debug|x64.Deploy.0 = Debug|x64
		{24AEFAAA-3D8C-499A-9C23-DF6FBDC29009}.Debug|x86.ActiveCfg = Debug|x86
		{24AEFAAA-3D8C-499A-9C23-DF6FBDC29009}.Debug|x86.Build.0 = Debug|x86
		{24AEFAAA-3D8C-499A-9C23-DF6FBDC29009}.Debug|x86.Deploy.0 = Debug|x86
		{24AEFAAA-3D8C-499A-9C23-DF6FBDC29009}.Release|Any CPU.ActiveCfg = Release|x86
		{24AEFAAA-3D8C-499A-9C23-DF6FBDC29009}.Release|ARM.ActiveCfg = Release|ARM
		{24AEFAAA-3D8C-499A-9C23-DF6FBDC29009}.Release|ARM.Build.0 = Release|ARM
		{24AEFAAA-3D8C-499A-9C23-DF6FBDC29009}.Release|ARM.Deploy.0 = Release|ARM
		{24AEFAAA-3D8C-499A-9C23-DF6FBDC29009}.Release|iPhone.ActiveCfg = Release|x86
		{24AEFAAA-3D8C-499A-9C23-DF6FBDC29009}.Release|iPhoneSimulator.ActiveCfg = Release|x86
		{24AEFAAA-3D8C-499A-9C23-DF6FBDC29009}.Release|x64.ActiveCfg = Release|x64
		{24AEFAAA-3D8C-499A-9C23-DF6FBDC29009}.Release|x64.Build.0 = Release|x64
		{24AEFAAA-3D8C-499A-9C23-DF6FBDC29009}.Release|x64.Deploy.0 = Release|x64
		{24AEFAAA-3D8C-499A-9C23-DF6FBDC29009}.Release|x86.ActiveCfg = Release|x86
		{24AEFAAA-3D8C-499A-9C23-DF6FBDC29009}.Release|x86.Build.0 = Release|x86
		{24AEFAAA-3D8C-499A-9C23-DF6FBDC29009}.Release|x86.Deploy.0 = Release|x86
	EndGlobalSection
	GlobalSection(SolutionProperties) = preSolution
		HideSolutionNode = FALSE
	EndGlobalSection
	GlobalSection(ExtensibilityGlobals) = postSolution
		SolutionGuid = {52D1509A-87AC-45E0-B506-53F44F14C826}
	EndGlobalSection
EndGlobal
